// !$*UTF8*$!
{
	archiveVersion = 1;
	classes = {
	};
	objectVersion = 56;
	objects = {

/* Begin PBXBuildFile section */
		B9C5F60E299D41AC00658BE7 /* RotaryKnobApp.swift in Sources */ = {isa = PBXBuildFile; fileRef = B9C5F60D299D41AC00658BE7 /* RotaryKnobApp.swift */; };
		B9C5F610299D41AC00658BE7 /* ContentView.swift in Sources */ = {isa = PBXBuildFile; fileRef = B9C5F60F299D41AC00658BE7 /* ContentView.swift */; };
		B9C5F612299D41AE00658BE7 /* Assets.xcassets in Resources */ = {isa = PBXBuildFile; fileRef = B9C5F611299D41AE00658BE7 /* Assets.xcassets */; };
		B9C5F615299D41AE00658BE7 /* Preview Assets.xcassets in Resources */ = {isa = PBXBuildFile; fileRef = B9C5F614299D41AE00658BE7 /* Preview Assets.xcassets */; };
		B9C5F61E299D41E200658BE7 /* RotaryKnobView.swift in Sources */ = {isa = PBXBuildFile; fileRef = B9C5F61D299D41E200658BE7 /* RotaryKnobView.swift */; };
		B9C5F621299D422900658BE7 /* CGFloat+Extensions.swift in Sources */ = {isa = PBXBuildFile; fileRef = B9C5F620299D422900658BE7 /* CGFloat+Extensions.swift */; };
		B9C5F624299D431100658BE7 /* View+Extensions.swift in Sources */ = {isa = PBXBuildFile; fileRef = B9C5F623299D431100658BE7 /* View+Extensions.swift */; };
		B9C5F626299D43AE00658BE7 /* Color+Extensions.swift in Sources */ = {isa = PBXBuildFile; fileRef = B9C5F625299D43AE00658BE7 /* Color+Extensions.swift */; };
		B9C5F62A299E69F900658BE7 /* RotaryGestureView.swift in Sources */ = {isa = PBXBuildFile; fileRef = B9C5F629299E69F900658BE7 /* RotaryGestureView.swift */; };
		B9C5F62E299EF03500658BE7 /* CGPoint+Extensions.swift in Sources */ = {isa = PBXBuildFile; fileRef = B9C5F62D299EF03500658BE7 /* CGPoint+Extensions.swift */; };
		B9C5F632299EF4F400658BE7 /* CGSize+Extensions.swift in Sources */ = {isa = PBXBuildFile; fileRef = B9C5F631299EF4F400658BE7 /* CGSize+Extensions.swift */; };
		B9C5F634299F85C100658BE7 /* AppGesture.swift in Sources */ = {isa = PBXBuildFile; fileRef = B9C5F633299F85C100658BE7 /* AppGesture.swift */; };
		B9C5F636299FA0BD00658BE7 /* View+ReadSize.swift in Sources */ = {isa = PBXBuildFile; fileRef = B9C5F635299FA0BD00658BE7 /* View+ReadSize.swift */; };
		B9C5F638299FA11900658BE7 /* CGPoint+Trigonometry.swift in Sources */ = {isa = PBXBuildFile; fileRef = B9C5F637299FA11900658BE7 /* CGPoint+Trigonometry.swift */; };
/* End PBXBuildFile section */

/* Begin PBXFileReference section */
		B9C5F60A299D41AC00658BE7 /* RotaryKnob.app */ = {isa = PBXFileReference; explicitFileType = wrapper.application; includeInIndex = 0; path = RotaryKnob.app; sourceTree = BUILT_PRODUCTS_DIR; };
		B9C5F60D299D41AC00658BE7 /* RotaryKnobApp.swift */ = {isa = PBXFileReference; lastKnownFileType = sourcecode.swift; path = RotaryKnobApp.swift; sourceTree = "<group>"; };
		B9C5F60F299D41AC00658BE7 /* ContentView.swift */ = {isa = PBXFileReference; lastKnownFileType = sourcecode.swift; path = ContentView.swift; sourceTree = "<group>"; };
		B9C5F611299D41AE00658BE7 /* Assets.xcassets */ = {isa = PBXFileReference; lastKnownFileType = folder.assetcatalog; path = Assets.xcassets; sourceTree = "<group>"; };
		B9C5F614299D41AE00658BE7 /* Preview Assets.xcassets */ = {isa = PBXFileReference; lastKnownFileType = folder.assetcatalog; path = "Preview Assets.xcassets"; sourceTree = "<group>"; };
		B9C5F616299D41AE00658BE7 /* RotaryKnob.entitlements */ = {isa = PBXFileReference; lastKnownFileType = text.plist.entitlements; path = RotaryKnob.entitlements; sourceTree = "<group>"; };
		B9C5F61D299D41E200658BE7 /* RotaryKnobView.swift */ = {isa = PBXFileReference; lastKnownFileType = sourcecode.swift; path = RotaryKnobView.swift; sourceTree = "<group>"; };
		B9C5F620299D422900658BE7 /* CGFloat+Extensions.swift */ = {isa = PBXFileReference; lastKnownFileType = sourcecode.swift; path = "CGFloat+Extensions.swift"; sourceTree = "<group>"; };
		B9C5F623299D431100658BE7 /* View+Extensions.swift */ = {isa = PBXFileReference; lastKnownFileType = sourcecode.swift; path = "View+Extensions.swift"; sourceTree = "<group>"; };
		B9C5F625299D43AE00658BE7 /* Color+Extensions.swift */ = {isa = PBXFileReference; lastKnownFileType = sourcecode.swift; path = "Color+Extensions.swift"; sourceTree = "<group>"; };
		B9C5F629299E69F900658BE7 /* RotaryGestureView.swift */ = {isa = PBXFileReference; lastKnownFileType = sourcecode.swift; path = RotaryGestureView.swift; sourceTree = "<group>"; };
		B9C5F62D299EF03500658BE7 /* CGPoint+Extensions.swift */ = {isa = PBXFileReference; lastKnownFileType = sourcecode.swift; path = "CGPoint+Extensions.swift"; sourceTree = "<group>"; };
		B9C5F631299EF4F400658BE7 /* CGSize+Extensions.swift */ = {isa = PBXFileReference; lastKnownFileType = sourcecode.swift; path = "CGSize+Extensions.swift"; sourceTree = "<group>"; };
		B9C5F633299F85C100658BE7 /* AppGesture.swift */ = {isa = PBXFileReference; lastKnownFileType = sourcecode.swift; path = AppGesture.swift; sourceTree = "<group>"; };
		B9C5F635299FA0BD00658BE7 /* View+ReadSize.swift */ = {isa = PBXFileReference; lastKnownFileType = sourcecode.swift; path = "View+ReadSize.swift"; sourceTree = "<group>"; };
		B9C5F637299FA11900658BE7 /* CGPoint+Trigonometry.swift */ = {isa = PBXFileReference; lastKnownFileType = sourcecode.swift; path = "CGPoint+Trigonometry.swift"; sourceTree = "<group>"; };
/* End PBXFileReference section */

/* Begin PBXFrameworksBuildPhase section */
		B9C5F607299D41AC00658BE7 /* Frameworks */ = {
			isa = PBXFrameworksBuildPhase;
			buildActionMask = 2147483647;
			files = (
			);
			runOnlyForDeploymentPostprocessing = 0;
		};
/* End PBXFrameworksBuildPhase section */

/* Begin PBXGroup section */
		B93C59CF29A125BF001F602F /* Features */ = {
			isa = PBXGroup;
			children = (
				B9C5F61D299D41E200658BE7 /* RotaryKnobView.swift */,
			);
			path = Features;
			sourceTree = "<group>";
		};
		B9C5F601299D41AC00658BE7 = {
			isa = PBXGroup;
			children = (
				B9C5F60C299D41AC00658BE7 /* RotaryKnob */,
				B9C5F60B299D41AC00658BE7 /* Products */,
			);
			sourceTree = "<group>";
		};
		B9C5F60B299D41AC00658BE7 /* Products */ = {
			isa = PBXGroup;
			children = (
				B9C5F60A299D41AC00658BE7 /* RotaryKnob.app */,
			);
			name = Products;
			sourceTree = "<group>";
		};
		B9C5F60C299D41AC00658BE7 /* RotaryKnob */ = {
			isa = PBXGroup;
			children = (
				B93C59CF29A125BF001F602F /* Features */,
				B9C5F61F299D421E00658BE7 /* Extensions */,
				B9C5F61C299D41CE00658BE7 /* Components */,
				B9C5F60D299D41AC00658BE7 /* RotaryKnobApp.swift */,
				B9C5F60F299D41AC00658BE7 /* ContentView.swift */,
				B9C5F611299D41AE00658BE7 /* Assets.xcassets */,
				B9C5F616299D41AE00658BE7 /* RotaryKnob.entitlements */,
				B9C5F613299D41AE00658BE7 /* Preview Content */,
			);
			path = RotaryKnob;
			sourceTree = "<group>";
		};
		B9C5F613299D41AE00658BE7 /* Preview Content */ = {
			isa = PBXGroup;
			children = (
				B9C5F614299D41AE00658BE7 /* Preview Assets.xcassets */,
			);
			path = "Preview Content";
			sourceTree = "<group>";
		};
		B9C5F61C299D41CE00658BE7 /* Components */ = {
			isa = PBXGroup;
			children = (
				B9C5F629299E69F900658BE7 /* RotaryGestureView.swift */,
				B9C5F633299F85C100658BE7 /* AppGesture.swift */,
			);
			path = Components;
			sourceTree = "<group>";
		};
		B9C5F61F299D421E00658BE7 /* Extensions */ = {
			isa = PBXGroup;
			children = (
				B9C5F622299D430400658BE7 /* SwiftUI */,
				B9C5F620299D422900658BE7 /* CGFloat+Extensions.swift */,
				B9C5F62D299EF03500658BE7 /* CGPoint+Extensions.swift */,
				B9C5F631299EF4F400658BE7 /* CGSize+Extensions.swift */,
				B9C5F637299FA11900658BE7 /* CGPoint+Trigonometry.swift */,
			);
			path = Extensions;
			sourceTree = "<group>";
		};
		B9C5F622299D430400658BE7 /* SwiftUI */ = {
			isa = PBXGroup;
			children = (
				B9C5F623299D431100658BE7 /* View+Extensions.swift */,
				B9C5F625299D43AE00658BE7 /* Color+Extensions.swift */,
				B9C5F635299FA0BD00658BE7 /* View+ReadSize.swift */,
			);
			path = SwiftUI;
			sourceTree = "<group>";
		};
/* End PBXGroup section */

/* Begin PBXNativeTarget section */
		B9C5F609299D41AC00658BE7 /* RotaryKnob */ = {
			isa = PBXNativeTarget;
			buildConfigurationList = B9C5F619299D41AE00658BE7 /* Build configuration list for PBXNativeTarget "RotaryKnob" */;
			buildPhases = (
				B9C5F606299D41AC00658BE7 /* Sources */,
				B9C5F607299D41AC00658BE7 /* Frameworks */,
				B9C5F608299D41AC00658BE7 /* Resources */,
			);
			buildRules = (
			);
			dependencies = (
			);
			name = RotaryKnob;
			productName = RotaryKnob;
			productReference = B9C5F60A299D41AC00658BE7 /* RotaryKnob.app */;
			productType = "com.apple.product-type.application";
		};
/* End PBXNativeTarget section */

/* Begin PBXProject section */
		B9C5F602299D41AC00658BE7 /* Project object */ = {
			isa = PBXProject;
			attributes = {
				BuildIndependentTargetsInParallel = 1;
				LastSwiftUpdateCheck = 1410;
				LastUpgradeCheck = 1410;
				TargetAttributes = {
					B9C5F609299D41AC00658BE7 = {
						CreatedOnToolsVersion = 14.1;
					};
				};
			};
			buildConfigurationList = B9C5F605299D41AC00658BE7 /* Build configuration list for PBXProject "RotaryKnob" */;
			compatibilityVersion = "Xcode 14.0";
			developmentRegion = en;
			hasScannedForEncodings = 0;
			knownRegions = (
				en,
				Base,
			);
			mainGroup = B9C5F601299D41AC00658BE7;
			productRefGroup = B9C5F60B299D41AC00658BE7 /* Products */;
			projectDirPath = "";
			projectRoot = "";
			targets = (
				B9C5F609299D41AC00658BE7 /* RotaryKnob */,
			);
		};
/* End PBXProject section */

/* Begin PBXResourcesBuildPhase section */
		B9C5F608299D41AC00658BE7 /* Resources */ = {
			isa = PBXResourcesBuildPhase;
			buildActionMask = 2147483647;
			files = (
				B9C5F615299D41AE00658BE7 /* Preview Assets.xcassets in Resources */,
				B9C5F612299D41AE00658BE7 /* Assets.xcassets in Resources */,
			);
			runOnlyForDeploymentPostprocessing = 0;
		};
/* End PBXResourcesBuildPhase section */

/* Begin PBXSourcesBuildPhase section */
		B9C5F606299D41AC00658BE7 /* Sources */ = {
			isa = PBXSourcesBuildPhase;
			buildActionMask = 2147483647;
			files = (
				B9C5F62A299E69F900658BE7 /* RotaryGestureView.swift in Sources */,
				B9C5F610299D41AC00658BE7 /* ContentView.swift in Sources */,
				B9C5F634299F85C100658BE7 /* AppGesture.swift in Sources */,
				B9C5F61E299D41E200658BE7 /* RotaryKnobView.swift in Sources */,
				B9C5F632299EF4F400658BE7 /* CGSize+Extensions.swift in Sources */,
				B9C5F621299D422900658BE7 /* CGFloat+Extensions.swift in Sources */,
				B9C5F62E299EF03500658BE7 /* CGPoint+Extensions.swift in Sources */,
				B9C5F624299D431100658BE7 /* View+Extensions.swift in Sources */,
				B9C5F636299FA0BD00658BE7 /* View+ReadSize.swift in Sources */,
				B9C5F60E299D41AC00658BE7 /* RotaryKnobApp.swift in Sources */,
				B9C5F638299FA11900658BE7 /* CGPoint+Trigonometry.swift in Sources */,
				B9C5F626299D43AE00658BE7 /* Color+Extensions.swift in Sources */,
			);
			runOnlyForDeploymentPostprocessing = 0;
		};
/* End PBXSourcesBuildPhase section */

/* Begin XCBuildConfiguration section */
		B9C5F617299D41AE00658BE7 /* Debug */ = {
			isa = XCBuildConfiguration;
			buildSettings = {
				ALWAYS_SEARCH_USER_PATHS = NO;
				CLANG_ANALYZER_NONNULL = YES;
				CLANG_ANALYZER_NUMBER_OBJECT_CONVERSION = YES_AGGRESSIVE;
				CLANG_CXX_LANGUAGE_STANDARD = "gnu++20";
				CLANG_ENABLE_MODULES = YES;
				CLANG_ENABLE_OBJC_ARC = YES;
				CLANG_ENABLE_OBJC_WEAK = YES;
				CLANG_WARN_BLOCK_CAPTURE_AUTORELEASING = YES;
				CLANG_WARN_BOOL_CONVERSION = YES;
				CLANG_WARN_COMMA = YES;
				CLANG_WARN_CONSTANT_CONVERSION = YES;
				CLANG_WARN_DEPRECATED_OBJC_IMPLEMENTATIONS = YES;
				CLANG_WARN_DIRECT_OBJC_ISA_USAGE = YES_ERROR;
				CLANG_WARN_DOCUMENTATION_COMMENTS = YES;
				CLANG_WARN_EMPTY_BODY = YES;
				CLANG_WARN_ENUM_CONVERSION = YES;
				CLANG_WARN_INFINITE_RECURSION = YES;
				CLANG_WARN_INT_CONVERSION = YES;
				CLANG_WARN_NON_LITERAL_NULL_CONVERSION = YES;
				CLANG_WARN_OBJC_IMPLICIT_RETAIN_SELF = YES;
				CLANG_WARN_OBJC_LITERAL_CONVERSION = YES;
				CLANG_WARN_OBJC_ROOT_CLASS = YES_ERROR;
				CLANG_WARN_QUOTED_INCLUDE_IN_FRAMEWORK_HEADER = YES;
				CLANG_WARN_RANGE_LOOP_ANALYSIS = YES;
				CLANG_WARN_STRICT_PROTOTYPES = YES;
				CLANG_WARN_SUSPICIOUS_MOVE = YES;
				CLANG_WARN_UNGUARDED_AVAILABILITY = YES_AGGRESSIVE;
				CLANG_WARN_UNREACHABLE_CODE = YES;
				CLANG_WARN__DUPLICATE_METHOD_MATCH = YES;
				COPY_PHASE_STRIP = NO;
				DEBUG_INFORMATION_FORMAT = dwarf;
				ENABLE_STRICT_OBJC_MSGSEND = YES;
				ENABLE_TESTABILITY = YES;
				GCC_C_LANGUAGE_STANDARD = gnu11;
				GCC_DYNAMIC_NO_PIC = NO;
				GCC_NO_COMMON_BLOCKS = YES;
				GCC_OPTIMIZATION_LEVEL = 0;
				GCC_PREPROCESSOR_DEFINITIONS = (
					"DEBUG=1",
					"$(inherited)",
				);
				GCC_WARN_64_TO_32_BIT_CONVERSION = YES;
				GCC_WARN_ABOUT_RETURN_TYPE = YES_ERROR;
				GCC_WARN_UNDECLARED_SELECTOR = YES;
				GCC_WARN_UNINITIALIZED_AUTOS = YES_AGGRESSIVE;
				GCC_WARN_UNUSED_FUNCTION = YES;
				GCC_WARN_UNUSED_VARIABLE = YES;
				MACOSX_DEPLOYMENT_TARGET = 13.0;
				MTL_ENABLE_DEBUG_INFO = INCLUDE_SOURCE;
				MTL_FAST_MATH = YES;
				ONLY_ACTIVE_ARCH = YES;
				SDKROOT = macosx;
				SWIFT_ACTIVE_COMPILATION_CONDITIONS = DEBUG;
				SWIFT_OPTIMIZATION_LEVEL = "-Onone";
			};
			name = Debug;
		};
		B9C5F618299D41AE00658BE7 /* Release */ = {
			isa = XCBuildConfiguration;
			buildSettings = {
				ALWAYS_SEARCH_USER_PATHS = NO;
				CLANG_ANALYZER_NONNULL = YES;
				CLANG_ANALYZER_NUMBER_OBJECT_CONVERSION = YES_AGGRESSIVE;
				CLANG_CXX_LANGUAGE_STANDARD = "gnu++20";
				CLANG_ENABLE_MODULES = YES;
				CLANG_ENABLE_OBJC_ARC = YES;
				CLANG_ENABLE_OBJC_WEAK = YES;
				CLANG_WARN_BLOCK_CAPTURE_AUTORELEASING = YES;
				CLANG_WARN_BOOL_CONVERSION = YES;
				CLANG_WARN_COMMA = YES;
				CLANG_WARN_CONSTANT_CONVERSION = YES;
				CLANG_WARN_DEPRECATED_OBJC_IMPLEMENTATIONS = YES;
				CLANG_WARN_DIRECT_OBJC_ISA_USAGE = YES_ERROR;
				CLANG_WARN_DOCUMENTATION_COMMENTS = YES;
				CLANG_WARN_EMPTY_BODY = YES;
				CLANG_WARN_ENUM_CONVERSION = YES;
				CLANG_WARN_INFINITE_RECURSION = YES;
				CLANG_WARN_INT_CONVERSION = YES;
				CLANG_WARN_NON_LITERAL_NULL_CONVERSION = YES;
				CLANG_WARN_OBJC_IMPLICIT_RETAIN_SELF = YES;
				CLANG_WARN_OBJC_LITERAL_CONVERSION = YES;
				CLANG_WARN_OBJC_ROOT_CLASS = YES_ERROR;
				CLANG_WARN_QUOTED_INCLUDE_IN_FRAMEWORK_HEADER = YES;
				CLANG_WARN_RANGE_LOOP_ANALYSIS = YES;
				CLANG_WARN_STRICT_PROTOTYPES = YES;
				CLANG_WARN_SUSPICIOUS_MOVE = YES;
				CLANG_WARN_UNGUARDED_AVAILABILITY = YES_AGGRESSIVE;
				CLANG_WARN_UNREACHABLE_CODE = YES;
				CLANG_WARN__DUPLICATE_METHOD_MATCH = YES;
				COPY_PHASE_STRIP = NO;
				DEBUG_INFORMATION_FORMAT = "dwarf-with-dsym";
				ENABLE_NS_ASSERTIONS = NO;
				ENABLE_STRICT_OBJC_MSGSEND = YES;
				GCC_C_LANGUAGE_STANDARD = gnu11;
				GCC_NO_COMMON_BLOCKS = YES;
				GCC_WARN_64_TO_32_BIT_CONVERSION = YES;
				GCC_WARN_ABOUT_RETURN_TYPE = YES_ERROR;
				GCC_WARN_UNDECLARED_SELECTOR = YES;
				GCC_WARN_UNINITIALIZED_AUTOS = YES_AGGRESSIVE;
				GCC_WARN_UNUSED_FUNCTION = YES;
				GCC_WARN_UNUSED_VARIABLE = YES;
				MACOSX_DEPLOYMENT_TARGET = 13.0;
				MTL_ENABLE_DEBUG_INFO = NO;
				MTL_FAST_MATH = YES;
				SDKROOT = macosx;
				SWIFT_COMPILATION_MODE = wholemodule;
				SWIFT_OPTIMIZATION_LEVEL = "-O";
			};
			name = Release;
		};
		B9C5F61A299D41AE00658BE7 /* Debug */ = {
			isa = XCBuildConfiguration;
			buildSettings = {
				ASSETCATALOG_COMPILER_APPICON_NAME = AppIcon;
				ASSETCATALOG_COMPILER_GLOBAL_ACCENT_COLOR_NAME = AccentColor;
				CODE_SIGN_ENTITLEMENTS = RotaryKnob/RotaryKnob.entitlements;
				CODE_SIGN_STYLE = Automatic;
				COMBINE_HIDPI_IMAGES = YES;
				CURRENT_PROJECT_VERSION = 1;
				DEVELOPMENT_ASSET_PATHS = "\"RotaryKnob/Preview Content\"";
				DEVELOPMENT_TEAM = 58435CS9P8;
				ENABLE_HARDENED_RUNTIME = YES;
				ENABLE_PREVIEWS = YES;
				GENERATE_INFOPLIST_FILE = YES;
				INFOPLIST_KEY_NSHumanReadableCopyright = "";
				LD_RUNPATH_SEARCH_PATHS = (
					"$(inherited)",
					"@executable_path/../Frameworks",
				);
				MARKETING_VERSION = 1.0;
				PRODUCT_BUNDLE_IDENTIFIER = io.widgetlib.RotaryKnob;
				PRODUCT_NAME = "$(TARGET_NAME)";
				SWIFT_EMIT_LOC_STRINGS = YES;
				SWIFT_VERSION = 5.0;
			};
			name = Debug;
		};
		B9C5F61B299D41AE00658BE7 /* Release */ = {
			isa = XCBuildConfiguration;
			buildSettings = {
				ASSETCATALOG_COMPILER_APPICON_NAME = AppIcon;
				ASSETCATALOG_COMPILER_GLOBAL_ACCENT_COLOR_NAME = AccentColor;
				CODE_SIGN_ENTITLEMENTS = RotaryKnob/RotaryKnob.entitlements;
				CODE_SIGN_STYLE = Automatic;
				COMBINE_HIDPI_IMAGES = YES;
				CURRENT_PROJECT_VERSION = 1;
				DEVELOPMENT_ASSET_PATHS = "\"RotaryKnob/Preview Content\"";
				DEVELOPMENT_TEAM = 58435CS9P8;
				ENABLE_HARDENED_RUNTIME = YES;
				ENABLE_PREVIEWS = YES;
				GENERATE_INFOPLIST_FILE = YES;
				INFOPLIST_KEY_NSHumanReadableCopyright = "";
				LD_RUNPATH_SEARCH_PATHS = (
					"$(inherited)",
					"@executable_path/../Frameworks",
				);
				MARKETING_VERSION = 1.0;
				PRODUCT_BUNDLE_IDENTIFIER = io.widgetlib.RotaryKnob;
				PRODUCT_NAME = "$(TARGET_NAME)";
				SWIFT_EMIT_LOC_STRINGS = YES;
				SWIFT_VERSION = 5.0;
			};
			name = Release;
		};
/* End XCBuildConfiguration section */

/* Begin XCConfigurationList section */
		B9C5F605299D41AC00658BE7 /* Build configuration list for PBXProject "RotaryKnob" */ = {
			isa = XCConfigurationList;
			buildConfigurations = (
				B9C5F617299D41AE00658BE7 /* Debug */,
				B9C5F618299D41AE00658BE7 /* Release */,
			);
			defaultConfigurationIsVisible = 0;
			defaultConfigurationName = Release;
		};
		B9C5F619299D41AE00658BE7 /* Build configuration list for PBXNativeTarget "RotaryKnob" */ = {
			isa = XCConfigurationList;
			buildConfigurations = (
				B9C5F61A299D41AE00658BE7 /* Debug */,
				B9C5F61B299D41AE00658BE7 /* Release */,
			);
			defaultConfigurationIsVisible = 0;
			defaultConfigurationName = Release;
		};
/* End XCConfigurationList section */
	};
	rootObject = B9C5F602299D41AC00658BE7 /* Project object */;
}
